
Microsoft Visual Studio Solution File, Format Version 12.00
# Visual Studio Version 17
VisualStudioVersion = 17.11.35005.142
MinimumVisualStudioVersion = 10.0.40219.1
Project("{FAE04EC0-301F-11D3-BF4B-00C04F79EFBC}") = "DotNet8WebApi.ResultPattern", "DotNet8WebApi.ResultPattern\DotNet8WebApi.ResultPattern.csproj", "{FAC78E15-E255-4766-A41F-AF657FE501BB}"
EndProject
Global
	GlobalSection(SolutionConfigurationPlatforms) = preSolution
		Debug|Any CPU = Debug|Any CPU
		Release|Any CPU = Release|Any CPU
	EndGlobalSection
	GlobalSection(ProjectConfigurationPlatforms) = postSolution
		{FAC78E15-E255-4766-A41F-AF657FE501BB}.Debug|Any CPU.ActiveCfg = Debug|Any CPU
		{FAC78E15-E255-4766-A41F-AF657FE501BB}.Debug|Any CPU.Build.0 = Debug|Any CPU
		{FAC78E15-E255-4766-A41F-AF657FE501BB}.Release|Any CPU.ActiveCfg = Release|Any CPU
		{FAC78E15-E255-4766-A41F-AF657FE501BB}.Release|Any CPU.Build.0 = Release|Any CPU
	EndGlobalSection
	GlobalSection(SolutionProperties) = preSolution
		HideSolutionNode = FALSE
	EndGlobalSection
	GlobalSection(ExtensibilityGlobals) = postSolution
		SolutionGuid = {37512162-CCF5-4DB6-89D1-4A9AFB816393}
	EndGlobalSection
EndGlobal
